// !$*UTF8*$!
{
	archiveVersion = 1;
	classes = {
	};
	objectVersion = 51;
	objects = {

/* Begin PBXBuildFile section */
		2224DA5327A1D1CC0083597E /* Date+.swift in Sources */ = {isa = PBXBuildFile; fileRef = 2224DA5227A1D1CB0083597E /* Date+.swift */; };
		2224DA5527A2D3200083597E /* WeeklyTableViewCell.swift in Sources */ = {isa = PBXBuildFile; fileRef = 2224DA5427A2D3200083597E /* WeeklyTableViewCell.swift */; };
		2224DA5C27A2DB2B0083597E /* Day.swift in Sources */ = {isa = PBXBuildFile; fileRef = 2224DA5B27A2DB2B0083597E /* Day.swift */; };
		2224DA5E27A2F0240083597E /* HeaderView.swift in Sources */ = {isa = PBXBuildFile; fileRef = 2224DA5D27A2F0240083597E /* HeaderView.swift */; };
		2224DA6027A2F08A0083597E /* HeaderView.xib in Resources */ = {isa = PBXBuildFile; fileRef = 2224DA5F27A2F08A0083597E /* HeaderView.xib */; };
		2224DA6227A302C80083597E /* Employee.swift in Sources */ = {isa = PBXBuildFile; fileRef = 2224DA6127A302C80083597E /* Employee.swift */; };
		228918DE279C1F5C000714B5 /* AppDelegate.swift in Sources */ = {isa = PBXBuildFile; fileRef = 228918DD279C1F5C000714B5 /* AppDelegate.swift */; };
		228918E0279C1F5C000714B5 /* SceneDelegate.swift in Sources */ = {isa = PBXBuildFile; fileRef = 228918DF279C1F5C000714B5 /* SceneDelegate.swift */; };
		228918E2279C1F5C000714B5 /* ViewController.swift in Sources */ = {isa = PBXBuildFile; fileRef = 228918E1279C1F5C000714B5 /* ViewController.swift */; };
		228918E5279C1F5C000714B5 /* Main.storyboard in Resources */ = {isa = PBXBuildFile; fileRef = 228918E3279C1F5C000714B5 /* Main.storyboard */; };
		228918E8279C1F5C000714B5 /* TimeManager.xcdatamodeld in Sources */ = {isa = PBXBuildFile; fileRef = 228918E6279C1F5C000714B5 /* TimeManager.xcdatamodeld */; };
		228918EA279C1F5E000714B5 /* Assets.xcassets in Resources */ = {isa = PBXBuildFile; fileRef = 228918E9279C1F5E000714B5 /* Assets.xcassets */; };
		228918ED279C1F5E000714B5 /* LaunchScreen.storyboard in Resources */ = {isa = PBXBuildFile; fileRef = 228918EB279C1F5E000714B5 /* LaunchScreen.storyboard */; };
		22C6C6F5279D6D2D00DEDF8A /* EmployeeCell.xib in Resources */ = {isa = PBXBuildFile; fileRef = 22C6C6F4279D6D2D00DEDF8A /* EmployeeCell.xib */; };
		22C6C6F7279D703A00DEDF8A /* EmployeeCell.swift in Sources */ = {isa = PBXBuildFile; fileRef = 22C6C6F6279D703A00DEDF8A /* EmployeeCell.swift */; };
		22C6C6F9279D726F00DEDF8A /* DetailViewController.swift in Sources */ = {isa = PBXBuildFile; fileRef = 22C6C6F8279D726F00DEDF8A /* DetailViewController.swift */; };
		22DF625727C5371700FC41A7 /* Date.swift in Sources */ = {isa = PBXBuildFile; fileRef = 22DF625627C5371700FC41A7 /* Date.swift */; };
		22DF625927C5375800FC41A7 /* CalendarHelper.swift in Sources */ = {isa = PBXBuildFile; fileRef = 22DF625827C5375800FC41A7 /* CalendarHelper.swift */; };
		22DF625E27C6229C00FC41A7 /* CalendarViewModel.swift in Sources */ = {isa = PBXBuildFile; fileRef = 22DF625D27C6229C00FC41A7 /* CalendarViewModel.swift */; };
		22DF626027C622DC00FC41A7 /* CalendarViewController.swift in Sources */ = {isa = PBXBuildFile; fileRef = 22DF625F27C622DC00FC41A7 /* CalendarViewController.swift */; };
		22DF626227C62CB600FC41A7 /* DateCell.swift in Sources */ = {isa = PBXBuildFile; fileRef = 22DF626127C62CB600FC41A7 /* DateCell.swift */; };
		6F3BAB57AE63FE7AE0DF45E8 /* Pods_TimeManager.framework in Frameworks */ = {isa = PBXBuildFile; fileRef = C00BB3B8E90C6ECDB44421F3 /* Pods_TimeManager.framework */; };
/* End PBXBuildFile section */

/* Begin PBXFileReference section */
		2224DA5227A1D1CB0083597E /* Date+.swift */ = {isa = PBXFileReference; lastKnownFileType = sourcecode.swift; path = "Date+.swift"; sourceTree = "<group>"; };
		2224DA5427A2D3200083597E /* WeeklyTableViewCell.swift */ = {isa = PBXFileReference; lastKnownFileType = sourcecode.swift; path = WeeklyTableViewCell.swift; sourceTree = "<group>"; };
		2224DA5B27A2DB2B0083597E /* Day.swift */ = {isa = PBXFileReference; lastKnownFileType = sourcecode.swift; path = Day.swift; sourceTree = "<group>"; };
		2224DA5D27A2F0240083597E /* HeaderView.swift */ = {isa = PBXFileReference; lastKnownFileType = sourcecode.swift; path = HeaderView.swift; sourceTree = "<group>"; };
		2224DA5F27A2F08A0083597E /* HeaderView.xib */ = {isa = PBXFileReference; lastKnownFileType = file.xib; path = HeaderView.xib; sourceTree = "<group>"; };
		2224DA6127A302C80083597E /* Employee.swift */ = {isa = PBXFileReference; lastKnownFileType = sourcecode.swift; path = Employee.swift; sourceTree = "<group>"; };
		228918DA279C1F5C000714B5 /* TimeManager.app */ = {isa = PBXFileReference; explicitFileType = wrapper.application; includeInIndex = 0; path = TimeManager.app; sourceTree = BUILT_PRODUCTS_DIR; };
		228918DD279C1F5C000714B5 /* AppDelegate.swift */ = {isa = PBXFileReference; lastKnownFileType = sourcecode.swift; path = AppDelegate.swift; sourceTree = "<group>"; };
		228918DF279C1F5C000714B5 /* SceneDelegate.swift */ = {isa = PBXFileReference; lastKnownFileType = sourcecode.swift; path = SceneDelegate.swift; sourceTree = "<group>"; };
		228918E1279C1F5C000714B5 /* ViewController.swift */ = {isa = PBXFileReference; lastKnownFileType = sourcecode.swift; path = ViewController.swift; sourceTree = "<group>"; };
		228918E4279C1F5C000714B5 /* Base */ = {isa = PBXFileReference; lastKnownFileType = file.storyboard; name = Base; path = Base.lproj/Main.storyboard; sourceTree = "<group>"; };
		228918E7279C1F5C000714B5 /* TimeManager.xcdatamodel */ = {isa = PBXFileReference; lastKnownFileType = wrapper.xcdatamodel; path = TimeManager.xcdatamodel; sourceTree = "<group>"; };
		228918E9279C1F5E000714B5 /* Assets.xcassets */ = {isa = PBXFileReference; lastKnownFileType = folder.assetcatalog; path = Assets.xcassets; sourceTree = "<group>"; };
		228918EC279C1F5E000714B5 /* Base */ = {isa = PBXFileReference; lastKnownFileType = file.storyboard; name = Base; path = Base.lproj/LaunchScreen.storyboard; sourceTree = "<group>"; };
		228918EE279C1F5E000714B5 /* Info.plist */ = {isa = PBXFileReference; lastKnownFileType = text.plist.xml; path = Info.plist; sourceTree = "<group>"; };
		22C6C6F4279D6D2D00DEDF8A /* EmployeeCell.xib */ = {isa = PBXFileReference; lastKnownFileType = file.xib; path = EmployeeCell.xib; sourceTree = "<group>"; };
		22C6C6F6279D703A00DEDF8A /* EmployeeCell.swift */ = {isa = PBXFileReference; lastKnownFileType = sourcecode.swift; path = EmployeeCell.swift; sourceTree = "<group>"; };
		22C6C6F8279D726F00DEDF8A /* DetailViewController.swift */ = {isa = PBXFileReference; lastKnownFileType = sourcecode.swift; path = DetailViewController.swift; sourceTree = "<group>"; };
		22DF625627C5371700FC41A7 /* Date.swift */ = {isa = PBXFileReference; lastKnownFileType = sourcecode.swift; path = Date.swift; sourceTree = "<group>"; };
		22DF625827C5375800FC41A7 /* CalendarHelper.swift */ = {isa = PBXFileReference; lastKnownFileType = sourcecode.swift; path = CalendarHelper.swift; sourceTree = "<group>"; };
		22DF625D27C6229C00FC41A7 /* CalendarViewModel.swift */ = {isa = PBXFileReference; lastKnownFileType = sourcecode.swift; path = CalendarViewModel.swift; sourceTree = "<group>"; };
		22DF625F27C622DC00FC41A7 /* CalendarViewController.swift */ = {isa = PBXFileReference; lastKnownFileType = sourcecode.swift; path = CalendarViewController.swift; sourceTree = "<group>"; };
		22DF626127C62CB600FC41A7 /* DateCell.swift */ = {isa = PBXFileReference; lastKnownFileType = sourcecode.swift; path = DateCell.swift; sourceTree = "<group>"; };
		725059A3DEE14C6AD47D5EFF /* Pods-TimeManager.debug.xcconfig */ = {isa = PBXFileReference; includeInIndex = 1; lastKnownFileType = text.xcconfig; name = "Pods-TimeManager.debug.xcconfig"; path = "Target Support Files/Pods-TimeManager/Pods-TimeManager.debug.xcconfig"; sourceTree = "<group>"; };
		979A9AC02FC5C248E9C145DE /* Pods-TimeManager.release.xcconfig */ = {isa = PBXFileReference; includeInIndex = 1; lastKnownFileType = text.xcconfig; name = "Pods-TimeManager.release.xcconfig"; path = "Target Support Files/Pods-TimeManager/Pods-TimeManager.release.xcconfig"; sourceTree = "<group>"; };
		C00BB3B8E90C6ECDB44421F3 /* Pods_TimeManager.framework */ = {isa = PBXFileReference; explicitFileType = wrapper.framework; includeInIndex = 0; path = Pods_TimeManager.framework; sourceTree = BUILT_PRODUCTS_DIR; };
/* End PBXFileReference section */

/* Begin PBXFrameworksBuildPhase section */
		228918D7279C1F5C000714B5 /* Frameworks */ = {
			isa = PBXFrameworksBuildPhase;
			buildActionMask = 2147483647;
			files = (
				6F3BAB57AE63FE7AE0DF45E8 /* Pods_TimeManager.framework in Frameworks */,
			);
			runOnlyForDeploymentPostprocessing = 0;
		};
/* End PBXFrameworksBuildPhase section */

/* Begin PBXGroup section */
		2224DA5A27A2DB180083597E /* Model */ = {
			isa = PBXGroup;
			children = (
				2224DA5B27A2DB2B0083597E /* Day.swift */,
				2224DA6127A302C80083597E /* Employee.swift */,
			);
			path = Model;
			sourceTree = "<group>";
		};
		228918D1279C1F5C000714B5 = {
			isa = PBXGroup;
			children = (
				228918DC279C1F5C000714B5 /* TimeManager */,
				228918DB279C1F5C000714B5 /* Products */,
				7664CFAAF1F7E28A890E6C3D /* Pods */,
				DA6A5C3FBEC71998BFA79B98 /* Frameworks */,
			);
			sourceTree = "<group>";
		};
		228918DB279C1F5C000714B5 /* Products */ = {
			isa = PBXGroup;
			children = (
				228918DA279C1F5C000714B5 /* TimeManager.app */,
			);
			name = Products;
			sourceTree = "<group>";
		};
		228918DC279C1F5C000714B5 /* TimeManager */ = {
			isa = PBXGroup;
			children = (
				22DF626327C6398B00FC41A7 /* Utilities */,
				22DF625527C536E800FC41A7 /* Calendar */,
				2224DA5A27A2DB180083597E /* Model */,
				22C6C6F3279D6CF500DEDF8A /* Controller */,
				22DF625C27C6224900FC41A7 /* ViewModel */,
				22C6C6F2279D6CF000DEDF8A /* View */,
				228918DF279C1F5C000714B5 /* SceneDelegate.swift */,
				228918E9279C1F5E000714B5 /* Assets.xcassets */,
				228918EB279C1F5E000714B5 /* LaunchScreen.storyboard */,
				228918EE279C1F5E000714B5 /* Info.plist */,
				228918E6279C1F5C000714B5 /* TimeManager.xcdatamodeld */,
			);
			path = TimeManager;
			sourceTree = "<group>";
		};
		22C6C6F2279D6CF000DEDF8A /* View */ = {
			isa = PBXGroup;
			children = (
				228918E3279C1F5C000714B5 /* Main.storyboard */,
				22C6C6F4279D6D2D00DEDF8A /* EmployeeCell.xib */,
				22C6C6F6279D703A00DEDF8A /* EmployeeCell.swift */,
				2224DA5427A2D3200083597E /* WeeklyTableViewCell.swift */,
				2224DA5D27A2F0240083597E /* HeaderView.swift */,
				2224DA5F27A2F08A0083597E /* HeaderView.xib */,
				22DF626127C62CB600FC41A7 /* DateCell.swift */,
			);
			path = View;
			sourceTree = "<group>";
		};
		22C6C6F3279D6CF500DEDF8A /* Controller */ = {
			isa = PBXGroup;
			children = (
				228918DD279C1F5C000714B5 /* AppDelegate.swift */,
				228918E1279C1F5C000714B5 /* ViewController.swift */,
				22C6C6F8279D726F00DEDF8A /* DetailViewController.swift */,
				22DF625F27C622DC00FC41A7 /* CalendarViewController.swift */,
			);
			path = Controller;
			sourceTree = "<group>";
		};
		22DF625527C536E800FC41A7 /* Calendar */ = {
			isa = PBXGroup;
			children = (
				22DF625627C5371700FC41A7 /* Date.swift */,
				22DF625827C5375800FC41A7 /* CalendarHelper.swift */,
				2224DA5227A1D1CB0083597E /* Date+.swift */,
			);
			path = Calendar;
			sourceTree = "<group>";
		};
		22DF625C27C6224900FC41A7 /* ViewModel */ = {
			isa = PBXGroup;
			children = (
				22DF625D27C6229C00FC41A7 /* CalendarViewModel.swift */,
			);
			path = ViewModel;
			sourceTree = "<group>";
		};
		22DF626327C6398B00FC41A7 /* Utilities */ = {
			isa = PBXGroup;
			children = (
			);
			path = Utilities;
			sourceTree = "<group>";
		};
		7664CFAAF1F7E28A890E6C3D /* Pods */ = {
			isa = PBXGroup;
			children = (
				725059A3DEE14C6AD47D5EFF /* Pods-TimeManager.debug.xcconfig */,
				979A9AC02FC5C248E9C145DE /* Pods-TimeManager.release.xcconfig */,
			);
			path = Pods;
			sourceTree = "<group>";
		};
		DA6A5C3FBEC71998BFA79B98 /* Frameworks */ = {
			isa = PBXGroup;
			children = (
				C00BB3B8E90C6ECDB44421F3 /* Pods_TimeManager.framework */,
			);
			name = Frameworks;
			sourceTree = "<group>";
		};
/* End PBXGroup section */

/* Begin PBXNativeTarget section */
		228918D9279C1F5C000714B5 /* TimeManager */ = {
			isa = PBXNativeTarget;
			buildConfigurationList = 228918F1279C1F5E000714B5 /* Build configuration list for PBXNativeTarget "TimeManager" */;
			buildPhases = (
				480D9270D6DF4FD0F64DF504 /* [CP] Check Pods Manifest.lock */,
				228918D6279C1F5C000714B5 /* Sources */,
				228918D7279C1F5C000714B5 /* Frameworks */,
				228918D8279C1F5C000714B5 /* Resources */,
				6CFCF68809933D0B20AC3898 /* [CP] Embed Pods Frameworks */,
			);
			buildRules = (
			);
			dependencies = (
			);
			name = TimeManager;
			productName = TimeManager;
			productReference = 228918DA279C1F5C000714B5 /* TimeManager.app */;
			productType = "com.apple.product-type.application";
		};
/* End PBXNativeTarget section */

/* Begin PBXProject section */
		228918D2279C1F5C000714B5 /* Project object */ = {
			isa = PBXProject;
			attributes = {
				LastSwiftUpdateCheck = 1170;
				LastUpgradeCheck = 1170;
				ORGANIZATIONNAME = Amardeep;
				TargetAttributes = {
					228918D9279C1F5C000714B5 = {
						CreatedOnToolsVersion = 11.7;
					};
				};
			};
			buildConfigurationList = 228918D5279C1F5C000714B5 /* Build configuration list for PBXProject "TimeManager" */;
			compatibilityVersion = "Xcode 9.3";
			developmentRegion = en;
			hasScannedForEncodings = 0;
			knownRegions = (
				en,
				Base,
			);
			mainGroup = 228918D1279C1F5C000714B5;
			productRefGroup = 228918DB279C1F5C000714B5 /* Products */;
			projectDirPath = "";
			projectRoot = "";
			targets = (
				228918D9279C1F5C000714B5 /* TimeManager */,
			);
		};
/* End PBXProject section */

/* Begin PBXResourcesBuildPhase section */
		228918D8279C1F5C000714B5 /* Resources */ = {
			isa = PBXResourcesBuildPhase;
			buildActionMask = 2147483647;
			files = (
				228918ED279C1F5E000714B5 /* LaunchScreen.storyboard in Resources */,
				22C6C6F5279D6D2D00DEDF8A /* EmployeeCell.xib in Resources */,
				228918EA279C1F5E000714B5 /* Assets.xcassets in Resources */,
				2224DA6027A2F08A0083597E /* HeaderView.xib in Resources */,
				228918E5279C1F5C000714B5 /* Main.storyboard in Resources */,
			);
			runOnlyForDeploymentPostprocessing = 0;
		};
/* End PBXResourcesBuildPhase section */

/* Begin PBXShellScriptBuildPhase section */
		480D9270D6DF4FD0F64DF504 /* [CP] Check Pods Manifest.lock */ = {
			isa = PBXShellScriptBuildPhase;
			buildActionMask = 2147483647;
			files = (
			);
			inputFileListPaths = (
			);
			inputPaths = (
				"${PODS_PODFILE_DIR_PATH}/Podfile.lock",
				"${PODS_ROOT}/Manifest.lock",
			);
			name = "[CP] Check Pods Manifest.lock";
			outputFileListPaths = (
			);
			outputPaths = (
				"$(DERIVED_FILE_DIR)/Pods-TimeManager-checkManifestLockResult.txt",
			);
			runOnlyForDeploymentPostprocessing = 0;
			shellPath = /bin/sh;
			shellScript = "diff \"${PODS_PODFILE_DIR_PATH}/Podfile.lock\" \"${PODS_ROOT}/Manifest.lock\" > /dev/null\nif [ $? != 0 ] ; then\n    # print error to STDERR\n    echo \"error: The sandbox is not in sync with the Podfile.lock. Run 'pod install' or update your CocoaPods installation.\" >&2\n    exit 1\nfi\n# This output is used by Xcode 'outputs' to avoid re-running this script phase.\necho \"SUCCESS\" > \"${SCRIPT_OUTPUT_FILE_0}\"\n";
			showEnvVarsInLog = 0;
		};
		6CFCF68809933D0B20AC3898 /* [CP] Embed Pods Frameworks */ = {
			isa = PBXShellScriptBuildPhase;
			buildActionMask = 2147483647;
			files = (
			);
			inputFileListPaths = (
				"${PODS_ROOT}/Target Support Files/Pods-TimeManager/Pods-TimeManager-frameworks-${CONFIGURATION}-input-files.xcfilelist",
			);
			name = "[CP] Embed Pods Frameworks";
			outputFileListPaths = (
				"${PODS_ROOT}/Target Support Files/Pods-TimeManager/Pods-TimeManager-frameworks-${CONFIGURATION}-output-files.xcfilelist",
			);
			runOnlyForDeploymentPostprocessing = 0;
			shellPath = /bin/sh;
			shellScript = "\"${PODS_ROOT}/Target Support Files/Pods-TimeManager/Pods-TimeManager-frameworks.sh\"\n";
			showEnvVarsInLog = 0;
		};
/* End PBXShellScriptBuildPhase section */

/* Begin PBXSourcesBuildPhase section */
		228918D6279C1F5C000714B5 /* Sources */ = {
			isa = PBXSourcesBuildPhase;
			buildActionMask = 2147483647;
			files = (
				22DF626027C622DC00FC41A7 /* CalendarViewController.swift in Sources */,
				2224DA5527A2D3200083597E /* WeeklyTableViewCell.swift in Sources */,
				2224DA5327A1D1CC0083597E /* Date+.swift in Sources */,
				228918E2279C1F5C000714B5 /* ViewController.swift in Sources */,
				2224DA6227A302C80083597E /* Employee.swift in Sources */,
				228918DE279C1F5C000714B5 /* AppDelegate.swift in Sources */,
				228918E8279C1F5C000714B5 /* TimeManager.xcdatamodeld in Sources */,
				22DF626227C62CB600FC41A7 /* DateCell.swift in Sources */,
				22C6C6F9279D726F00DEDF8A /* DetailViewController.swift in Sources */,
				22DF625927C5375800FC41A7 /* CalendarHelper.swift in Sources */,
				22DF625727C5371700FC41A7 /* Date.swift in Sources */,
				22DF625E27C6229C00FC41A7 /* CalendarViewModel.swift in Sources */,
				2224DA5E27A2F0240083597E /* HeaderView.swift in Sources */,
				2224DA5C27A2DB2B0083597E /* Day.swift in Sources */,
				228918E0279C1F5C000714B5 /* SceneDelegate.swift in Sources */,
				22C6C6F7279D703A00DEDF8A /* EmployeeCell.swift in Sources */,
			);
			runOnlyForDeploymentPostprocessing = 0;
		};
/* End PBXSourcesBuildPhase section */

/* Begin PBXVariantGroup section */
		228918E3279C1F5C000714B5 /* Main.storyboard */ = {
			isa = PBXVariantGroup;
			children = (
				228918E4279C1F5C000714B5 /* Base */,
			);
			name = Main.storyboard;
			sourceTree = "<group>";
		};
		228918EB279C1F5E000714B5 /* LaunchScreen.storyboard */ = {
			isa = PBXVariantGroup;
			children = (
				228918EC279C1F5E000714B5 /* Base */,
			);
			name = LaunchScreen.storyboard;
			sourceTree = "<group>";
		};
/* End PBXVariantGroup section */

/* Begin XCBuildConfiguration section */
		228918EF279C1F5E000714B5 /* Debug */ = {
			isa = XCBuildConfiguration;
			buildSettings = {
				ALWAYS_SEARCH_USER_PATHS = NO;
				CLANG_ANALYZER_NONNULL = YES;
				CLANG_ANALYZER_NUMBER_OBJECT_CONVERSION = YES_AGGRESSIVE;
				CLANG_CXX_LANGUAGE_STANDARD = "gnu++14";
				CLANG_CXX_LIBRARY = "libc++";
				CLANG_ENABLE_MODULES = YES;
				CLANG_ENABLE_OBJC_ARC = YES;
				CLANG_ENABLE_OBJC_WEAK = YES;
				CLANG_WARN_BLOCK_CAPTURE_AUTORELEASING = YES;
				CLANG_WARN_BOOL_CONVERSION = YES;
				CLANG_WARN_COMMA = YES;
				CLANG_WARN_CONSTANT_CONVERSION = YES;
				CLANG_WARN_DEPRECATED_OBJC_IMPLEMENTATIONS = YES;
				CLANG_WARN_DIRECT_OBJC_ISA_USAGE = YES_ERROR;
				CLANG_WARN_DOCUMENTATION_COMMENTS = YES;
				CLANG_WARN_EMPTY_BODY = YES;
				CLANG_WARN_ENUM_CONVERSION = YES;
				CLANG_WARN_INFINITE_RECURSION = YES;
				CLANG_WARN_INT_CONVERSION = YES;
				CLANG_WARN_NON_LITERAL_NULL_CONVERSION = YES;
				CLANG_WARN_OBJC_IMPLICIT_RETAIN_SELF = YES;
				CLANG_WARN_OBJC_LITERAL_CONVERSION = YES;
				CLANG_WARN_OBJC_ROOT_CLASS = YES_ERROR;
				CLANG_WARN_RANGE_LOOP_ANALYSIS = YES;
				CLANG_WARN_STRICT_PROTOTYPES = YES;
				CLANG_WARN_SUSPICIOUS_MOVE = YES;
				CLANG_WARN_UNGUARDED_AVAILABILITY = YES_AGGRESSIVE;
				CLANG_WARN_UNREACHABLE_CODE = YES;
				CLANG_WARN__DUPLICATE_METHOD_MATCH = YES;
				COPY_PHASE_STRIP = NO;
				DEBUG_INFORMATION_FORMAT = dwarf;
				ENABLE_STRICT_OBJC_MSGSEND = YES;
				ENABLE_TESTABILITY = YES;
				GCC_C_LANGUAGE_STANDARD = gnu11;
				GCC_DYNAMIC_NO_PIC = NO;
				GCC_NO_COMMON_BLOCKS = YES;
				GCC_OPTIMIZATION_LEVEL = 0;
				GCC_PREPROCESSOR_DEFINITIONS = (
					"DEBUG=1",
					"$(inherited)",
				);
				GCC_WARN_64_TO_32_BIT_CONVERSION = YES;
				GCC_WARN_ABOUT_RETURN_TYPE = YES_ERROR;
				GCC_WARN_UNDECLARED_SELECTOR = YES;
				GCC_WARN_UNINITIALIZED_AUTOS = YES_AGGRESSIVE;
				GCC_WARN_UNUSED_FUNCTION = YES;
				GCC_WARN_UNUSED_VARIABLE = YES;
				IPHONEOS_DEPLOYMENT_TARGET = 13.7;
				MTL_ENABLE_DEBUG_INFO = INCLUDE_SOURCE;
				MTL_FAST_MATH = YES;
				ONLY_ACTIVE_ARCH = YES;
				SDKROOT = iphoneos;
				SWIFT_ACTIVE_COMPILATION_CONDITIONS = DEBUG;
				SWIFT_OPTIMIZATION_LEVEL = "-Onone";
			};
			name = Debug;
		};
		228918F0279C1F5E000714B5 /* Release */ = {
			isa = XCBuildConfiguration;
			buildSettings = {
				ALWAYS_SEARCH_USER_PATHS = NO;
				CLANG_ANALYZER_NONNULL = YES;
				CLANG_ANALYZER_NUMBER_OBJECT_CONVERSION = YES_AGGRESSIVE;
				CLANG_CXX_LANGUAGE_STANDARD = "gnu++14";
				CLANG_CXX_LIBRARY = "libc++";
				CLANG_ENABLE_MODULES = YES;
				CLANG_ENABLE_OBJC_ARC = YES;
				CLANG_ENABLE_OBJC_WEAK = YES;
				CLANG_WARN_BLOCK_CAPTURE_AUTORELEASING = YES;
				CLANG_WARN_BOOL_CONVERSION = YES;
				CLANG_WARN_COMMA = YES;
				CLANG_WARN_CONSTANT_CONVERSION = YES;
				CLANG_WARN_DEPRECATED_OBJC_IMPLEMENTATIONS = YES;
				CLANG_WARN_DIRECT_OBJC_ISA_USAGE = YES_ERROR;
				CLANG_WARN_DOCUMENTATION_COMMENTS = YES;
				CLANG_WARN_EMPTY_BODY = YES;
				CLANG_WARN_ENUM_CONVERSION = YES;
				CLANG_WARN_INFINITE_RECURSION = YES;
				CLANG_WARN_INT_CONVERSION = YES;
				CLANG_WARN_NON_LITERAL_NULL_CONVERSION = YES;
				CLANG_WARN_OBJC_IMPLICIT_RETAIN_SELF = YES;
				CLANG_WARN_OBJC_LITERAL_CONVERSION = YES;
				CLANG_WARN_OBJC_ROOT_CLASS = YES_ERROR;
				CLANG_WARN_RANGE_LOOP_ANALYSIS = YES;
				CLANG_WARN_STRICT_PROTOTYPES = YES;
				CLANG_WARN_SUSPICIOUS_MOVE = YES;
				CLANG_WARN_UNGUARDED_AVAILABILITY = YES_AGGRESSIVE;
				CLANG_WARN_UNREACHABLE_CODE = YES;
				CLANG_WARN__DUPLICATE_METHOD_MATCH = YES;
				COPY_PHASE_STRIP = NO;
				DEBUG_INFORMATION_FORMAT = "dwarf-with-dsym";
				ENABLE_NS_ASSERTIONS = NO;
				ENABLE_STRICT_OBJC_MSGSEND = YES;
				GCC_C_LANGUAGE_STANDARD = gnu11;
				GCC_NO_COMMON_BLOCKS = YES;
				GCC_WARN_64_TO_32_BIT_CONVERSION = YES;
				GCC_WARN_ABOUT_RETURN_TYPE = YES_ERROR;
				GCC_WARN_UNDECLARED_SELECTOR = YES;
				GCC_WARN_UNINITIALIZED_AUTOS = YES_AGGRESSIVE;
				GCC_WARN_UNUSED_FUNCTION = YES;
				GCC_WARN_UNUSED_VARIABLE = YES;
				IPHONEOS_DEPLOYMENT_TARGET = 13.7;
				MTL_ENABLE_DEBUG_INFO = NO;
				MTL_FAST_MATH = YES;
				SDKROOT = iphoneos;
				SWIFT_COMPILATION_MODE = wholemodule;
				SWIFT_OPTIMIZATION_LEVEL = "-O";
				VALIDATE_PRODUCT = YES;
			};
			name = Release;
		};
		228918F2279C1F5E000714B5 /* Debug */ = {
			isa = XCBuildConfiguration;
			baseConfigurationReference = 725059A3DEE14C6AD47D5EFF /* Pods-TimeManager.debug.xcconfig */;
			buildSettings = {
				ASSETCATALOG_COMPILER_APPICON_NAME = AppIcon;
				CODE_SIGN_STYLE = Automatic;
				INFOPLIST_FILE = TimeManager/Info.plist;
				LD_RUNPATH_SEARCH_PATHS = (
					"$(inherited)",
					"@executable_path/Frameworks",
				);
				PRODUCT_BUNDLE_IDENTIFIER = com.amardeep.TimeManager;
				PRODUCT_NAME = "$(TARGET_NAME)";
				SWIFT_VERSION = 5.0;
				TARGETED_DEVICE_FAMILY = "1,2";
			};
			name = Debug;
		};
		228918F3279C1F5E000714B5 /* Release */ = {
			isa = XCBuildConfiguration;
			baseConfigurationReference = 979A9AC02FC5C248E9C145DE /* Pods-TimeManager.release.xcconfig */;
			buildSettings = {
				ASSETCATALOG_COMPILER_APPICON_NAME = AppIcon;
				CODE_SIGN_STYLE = Automatic;
				INFOPLIST_FILE = TimeManager/Info.plist;
				LD_RUNPATH_SEARCH_PATHS = (
					"$(inherited)",
					"@executable_path/Frameworks",
				);
				PRODUCT_BUNDLE_IDENTIFIER = com.amardeep.TimeManager;
				PRODUCT_NAME = "$(TARGET_NAME)";
				SWIFT_VERSION = 5.0;
				TARGETED_DEVICE_FAMILY = "1,2";
			};
			name = Release;
		};
/* End XCBuildConfiguration section */

/* Begin XCConfigurationList section */
		228918D5279C1F5C000714B5 /* Build configuration list for PBXProject "TimeManager" */ = {
			isa = XCConfigurationList;
			buildConfigurations = (
				228918EF279C1F5E000714B5 /* Debug */,
				228918F0279C1F5E000714B5 /* Release */,
			);
			defaultConfigurationIsVisible = 0;
			defaultConfigurationName = Release;
		};
		228918F1279C1F5E000714B5 /* Build configuration list for PBXNativeTarget "TimeManager" */ = {
			isa = XCConfigurationList;
			buildConfigurations = (
				228918F2279C1F5E000714B5 /* Debug */,
				228918F3279C1F5E000714B5 /* Release */,
			);
			defaultConfigurationIsVisible = 0;
			defaultConfigurationName = Release;
		};
/* End XCConfigurationList section */

/* Begin XCVersionGroup section */
		228918E6279C1F5C000714B5 /* TimeManager.xcdatamodeld */ = {
			isa = XCVersionGroup;
			children = (
				228918E7279C1F5C000714B5 /* TimeManager.xcdatamodel */,
			);
			currentVersion = 228918E7279C1F5C000714B5 /* TimeManager.xcdatamodel */;
			path = TimeManager.xcdatamodeld;
			sourceTree = "<group>";
			versionGroupType = wrapper.xcdatamodel;
		};
/* End XCVersionGroup section */
	};
	rootObject = 228918D2279C1F5C000714B5 /* Project object */;
}
